{
  "name": "checkers",
  "version": "0.1.0",
  "lockfileVersion": 1,
  "requires": true,
  "dependencies": {
    "@pckilgore/bs-biginteger": {
      "version": "1.0.1",
      "resolved": "https://registry.npmjs.org/@pckilgore/bs-biginteger/-/bs-biginteger-1.0.1.tgz",
      "integrity": "sha512-N06Z8OmVRJI1Mzv4BvgzrGT1/46Ni51g38N2qoA5ZnAqxjdveLSHgiNxQCGeW2FKyubjzokqjsbpRpp+pgf4wA=="
    },
    "big-integer": {
      "version": "1.6.48",
      "resolved": "https://registry.npmjs.org/big-integer/-/big-integer-1.6.48.tgz",
      "integrity": "sha512-j51egjPa7/i+RdiRuJbPdJ2FIUYYPhvYLjzoYbcMMm62ooO6F94fETG4MTs46zPAF9Brs04OajboA/qTGuz78w=="
    },
    "bs-platform": {
      "version": "9.0.2",
      "resolved": "https://registry.npmjs.org/bs-platform/-/bs-platform-9.0.2.tgz",
      "integrity": "sha512-Ye9JqJ4Oa7mcjjoOVRYI8Uc2Cf8N7jQLWDcdUplY7996d/YErSR7WitmV7XnSwr4EvdrbwjEsg1NxNjUQv3ChA==",
      "dev": true
    }
  }
}
